
Microsoft Visual Studio Solution File, Format Version 12.00
# Visual Studio Version 17
VisualStudioVersion = 17.14.36301.6 d17.14
MinimumVisualStudioVersion = 10.0.40219.1
Project("{2150E333-8FDC-42A3-9474-1A3956D46DE8}") = "src", "src", "{02EA681E-C7D8-13C7-8484-4AC65E1B71E8}"
EndProject
Project("{FAE04EC0-301F-11D3-BF4B-00C04F79EFBC}") = "PortfolioBackend.API", "PortfolioBackend.API\PortfolioBackend.API.csproj", "{0933EF47-67E3-4CA7-AB49-C145B7CFE663}"
EndProject
Project("{2150E333-8FDC-42A3-9474-1A3956D46DE8}") = "API", "API", "{0DBC2ED0-1C19-44F4-BBDF-1D704FA6529B}"
EndProject
Project("{2150E333-8FDC-42A3-9474-1A3956D46DE8}") = "Core", "Core", "{CFC6D841-3F1C-422A-B56C-81E635024EDC}"
EndProject
Project("{2150E333-8FDC-42A3-9474-1A3956D46DE8}") = "Infrastructure", "Infrastructure", "{9DB68EC1-E842-47FA-AAB1-F6F35AB54A78}"
EndProject
Project("{FAE04EC0-301F-11D3-BF4B-00C04F79EFBC}") = "PortfolioBackend.Application", "PortfolioBackend.Application\PortfolioBackend.Application.csproj", "{882F5DA4-0F3C-4713-952F-06CA6CB11CD1}"
EndProject
Project("{FAE04EC0-301F-11D3-BF4B-00C04F79EFBC}") = "PortfolioBackend.Domain", "PortfolioBackend.Domain\PortfolioBackend.Domain.csproj", "{0732562D-B250-40C0-A73E-A4AAE8FF8CF4}"
EndProject
Project("{FAE04EC0-301F-11D3-BF4B-00C04F79EFBC}") = "PortfolioBackend.Infrastructure", "PortfolioBackend.Infrastructure\PortfolioBackend.Infrastructure.csproj", "{0733BE27-D0A3-4FDD-9B96-79F6AF89A79C}"
EndProject
Project("{FAE04EC0-301F-11D3-BF4B-00C04F79EFBC}") = "PortfolioBackend.Identity", "PortfolioBackend.Identity\PortfolioBackend.Identity.csproj", "{6FFD7612-2989-4553-A71F-BD151AABF98D}"
EndProject
Project("{FAE04EC0-301F-11D3-BF4B-00C04F79EFBC}") = "PortfolioBackend.Persistance", "PortfolioBackend.Persistance\PortfolioBackend.Persistance.csproj", "{95EC907B-0300-46AF-A517-5F418023FC01}"
EndProject
Global
	GlobalSection(SolutionConfigurationPlatforms) = preSolution
		Debug|Any CPU = Debug|Any CPU
		Release|Any CPU = Release|Any CPU
	EndGlobalSection
	GlobalSection(ProjectConfigurationPlatforms) = postSolution
		{0933EF47-67E3-4CA7-AB49-C145B7CFE663}.Debug|Any CPU.ActiveCfg = Debug|Any CPU
		{0933EF47-67E3-4CA7-AB49-C145B7CFE663}.Debug|Any CPU.Build.0 = Debug|Any CPU
		{0933EF47-67E3-4CA7-AB49-C145B7CFE663}.Release|Any CPU.ActiveCfg = Release|Any CPU
		{0933EF47-67E3-4CA7-AB49-C145B7CFE663}.Release|Any CPU.Build.0 = Release|Any CPU
		{882F5DA4-0F3C-4713-952F-06CA6CB11CD1}.Debug|Any CPU.ActiveCfg = Debug|Any CPU
		{882F5DA4-0F3C-4713-952F-06CA6CB11CD1}.Debug|Any CPU.Build.0 = Debug|Any CPU
		{882F5DA4-0F3C-4713-952F-06CA6CB11CD1}.Release|Any CPU.ActiveCfg = Release|Any CPU
		{882F5DA4-0F3C-4713-952F-06CA6CB11CD1}.Release|Any CPU.Build.0 = Release|Any CPU
		{0732562D-B250-40C0-A73E-A4AAE8FF8CF4}.Debug|Any CPU.ActiveCfg = Debug|Any CPU
		{0732562D-B250-40C0-A73E-A4AAE8FF8CF4}.Debug|Any CPU.Build.0 = Debug|Any CPU
		{0732562D-B250-40C0-A73E-A4AAE8FF8CF4}.Release|Any CPU.ActiveCfg = Release|Any CPU
		{0732562D-B250-40C0-A73E-A4AAE8FF8CF4}.Release|Any CPU.Build.0 = Release|Any CPU
		{0733BE27-D0A3-4FDD-9B96-79F6AF89A79C}.Debug|Any CPU.ActiveCfg = Debug|Any CPU
		{0733BE27-D0A3-4FDD-9B96-79F6AF89A79C}.Debug|Any CPU.Build.0 = Debug|Any CPU
		{0733BE27-D0A3-4FDD-9B96-79F6AF89A79C}.Release|Any CPU.ActiveCfg = Release|Any CPU
		{0733BE27-D0A3-4FDD-9B96-79F6AF89A79C}.Release|Any CPU.Build.0 = Release|Any CPU
		{6FFD7612-2989-4553-A71F-BD151AABF98D}.Debug|Any CPU.ActiveCfg = Debug|Any CPU
		{6FFD7612-2989-4553-A71F-BD151AABF98D}.Debug|Any CPU.Build.0 = Debug|Any CPU
		{6FFD7612-2989-4553-A71F-BD151AABF98D}.Release|Any CPU.ActiveCfg = Release|Any CPU
		{6FFD7612-2989-4553-A71F-BD151AABF98D}.Release|Any CPU.Build.0 = Release|Any CPU
		{95EC907B-0300-46AF-A517-5F418023FC01}.Debug|Any CPU.ActiveCfg = Debug|Any CPU
		{95EC907B-0300-46AF-A517-5F418023FC01}.Debug|Any CPU.Build.0 = Debug|Any CPU
		{95EC907B-0300-46AF-A517-5F418023FC01}.Release|Any CPU.ActiveCfg = Release|Any CPU
		{95EC907B-0300-46AF-A517-5F418023FC01}.Release|Any CPU.Build.0 = Release|Any CPU
	EndGlobalSection
	GlobalSection(SolutionProperties) = preSolution
		HideSolutionNode = FALSE
	EndGlobalSection
	GlobalSection(NestedProjects) = preSolution
		{0933EF47-67E3-4CA7-AB49-C145B7CFE663} = {0DBC2ED0-1C19-44F4-BBDF-1D704FA6529B}
		{0DBC2ED0-1C19-44F4-BBDF-1D704FA6529B} = {02EA681E-C7D8-13C7-8484-4AC65E1B71E8}
		{CFC6D841-3F1C-422A-B56C-81E635024EDC} = {02EA681E-C7D8-13C7-8484-4AC65E1B71E8}
		{9DB68EC1-E842-47FA-AAB1-F6F35AB54A78} = {02EA681E-C7D8-13C7-8484-4AC65E1B71E8}
		{882F5DA4-0F3C-4713-952F-06CA6CB11CD1} = {CFC6D841-3F1C-422A-B56C-81E635024EDC}
		{0732562D-B250-40C0-A73E-A4AAE8FF8CF4} = {CFC6D841-3F1C-422A-B56C-81E635024EDC}
		{0733BE27-D0A3-4FDD-9B96-79F6AF89A79C} = {9DB68EC1-E842-47FA-AAB1-F6F35AB54A78}
		{6FFD7612-2989-4553-A71F-BD151AABF98D} = {9DB68EC1-E842-47FA-AAB1-F6F35AB54A78}
		{95EC907B-0300-46AF-A517-5F418023FC01} = {9DB68EC1-E842-47FA-AAB1-F6F35AB54A78}
	EndGlobalSection
	GlobalSection(ExtensibilityGlobals) = postSolution
		SolutionGuid = {2246BED2-0AB5-48F0-8026-3B2D3D92E9E0}
	EndGlobalSection
EndGlobal
